schema: '2.0'
stages:
  process:
    cmd: python process_data.py
    deps:
    - path: data_raw.csv
      hash: md5
      md5: a6aec8da63a5fa2619af025a76746f29
      size: 68762
    - path: process_data.py
      hash: md5
      md5: ca8bb9cc108ffa3bbf6a7e6385fd9aaf
      size: 898
    outs:
    - path: data_processed.csv
      hash: md5
      md5: 03269b6c0a766dc80e090326008765b3
      size: 24227
  train:
    cmd: python train.py
    deps:
    - path: data_processed.csv
      hash: md5
      md5: 03269b6c0a766dc80e090326008765b3
      size: 24227
    - path: train.py
      hash: md5
      md5: 962bc240cf3806f17acf9c2d03586e2f
      size: 1470
    outs:
    - path: by_region.png
      hash: md5
      md5: ec8b20ec5c092e77dd8f38c54102d60c
      size: 7898
    - path: metrics.json
      hash: md5
      md5: f4844c28505568f336c5f91db3f1beb3
      size: 89
